// !$*UTF8*$!
{
	archiveVersion = 1;
	classes = {
	};
	objectVersion = 56;
	objects = {

/* Begin PBXBuildFile section */
		934D1E442B4D7E3400139FD3 /* RequestParameters.swift in Sources */ = {isa = PBXBuildFile; fileRef = 934D1E432B4D7E3400139FD3 /* RequestParameters.swift */; };
		934D1E472B4E05D500139FD3 /* SearchBarView.swift in Sources */ = {isa = PBXBuildFile; fileRef = 934D1E462B4E05D500139FD3 /* SearchBarView.swift */; };
		934D1E492B4E0DC700139FD3 /* RepositoryListView.swift in Sources */ = {isa = PBXBuildFile; fileRef = 934D1E482B4E0DC700139FD3 /* RepositoryListView.swift */; };
		934D1E4B2B4E0E5000139FD3 /* ContentView.swift in Sources */ = {isa = PBXBuildFile; fileRef = 934D1E4A2B4E0E5000139FD3 /* ContentView.swift */; };
		93752C982B483CB900F673BB /* RepoHunterApp.swift in Sources */ = {isa = PBXBuildFile; fileRef = 93752C972B483CB900F673BB /* RepoHunterApp.swift */; };
		93752C9C2B483CBA00F673BB /* Assets.xcassets in Resources */ = {isa = PBXBuildFile; fileRef = 93752C9B2B483CBA00F673BB /* Assets.xcassets */; };
		93752C9F2B483CBA00F673BB /* Preview Assets.xcassets in Resources */ = {isa = PBXBuildFile; fileRef = 93752C9E2B483CBA00F673BB /* Preview Assets.xcassets */; };
		93752CA72B49897100F673BB /* GitHubApi.swift in Sources */ = {isa = PBXBuildFile; fileRef = 93752CA62B49897100F673BB /* GitHubApi.swift */; };
		93752CAA2B498A0900F673BB /* RepositoryItem.swift in Sources */ = {isa = PBXBuildFile; fileRef = 93752CA92B498A0900F673BB /* RepositoryItem.swift */; };
		93752CB02B4A211700F673BB /* RepositoryView.swift in Sources */ = {isa = PBXBuildFile; fileRef = 93752CAF2B4A211700F673BB /* RepositoryView.swift */; };
		93752CB52B4AA91400F673BB /* RepositoryListViewModel.swift in Sources */ = {isa = PBXBuildFile; fileRef = 93752CB42B4AA91400F673BB /* RepositoryListViewModel.swift */; };
		938556612B4E7E720026CCC0 /* AdvancedSearchOptionsView.swift in Sources */ = {isa = PBXBuildFile; fileRef = 938556602B4E7E720026CCC0 /* AdvancedSearchOptionsView.swift */; };
		938556632B4EA47B0026CCC0 /* SearchResponse.swift in Sources */ = {isa = PBXBuildFile; fileRef = 938556622B4EA47B0026CCC0 /* SearchResponse.swift */; };
		938556652B4EA4960026CCC0 /* RepositoryOwner.swift in Sources */ = {isa = PBXBuildFile; fileRef = 938556642B4EA4960026CCC0 /* RepositoryOwner.swift */; };
		938556672B4EB2FF0026CCC0 /* RepositoryRaw.swift in Sources */ = {isa = PBXBuildFile; fileRef = 938556662B4EB2FF0026CCC0 /* RepositoryRaw.swift */; };
		939F08CA2B4C14E20009B6D5 /* RepositoryDetailsView.swift in Sources */ = {isa = PBXBuildFile; fileRef = 939F08C92B4C14E20009B6D5 /* RepositoryDetailsView.swift */; };
/* End PBXBuildFile section */

/* Begin PBXFileReference section */
		934D1E432B4D7E3400139FD3 /* RequestParameters.swift */ = {isa = PBXFileReference; lastKnownFileType = sourcecode.swift; path = RequestParameters.swift; sourceTree = "<group>"; };
		934D1E462B4E05D500139FD3 /* SearchBarView.swift */ = {isa = PBXFileReference; lastKnownFileType = sourcecode.swift; path = SearchBarView.swift; sourceTree = "<group>"; };
		934D1E482B4E0DC700139FD3 /* RepositoryListView.swift */ = {isa = PBXFileReference; lastKnownFileType = sourcecode.swift; path = RepositoryListView.swift; sourceTree = "<group>"; };
		934D1E4A2B4E0E5000139FD3 /* ContentView.swift */ = {isa = PBXFileReference; lastKnownFileType = sourcecode.swift; path = ContentView.swift; sourceTree = "<group>"; };
		93752C942B483CB900F673BB /* RepoHunter.app */ = {isa = PBXFileReference; explicitFileType = wrapper.application; includeInIndex = 0; path = RepoHunter.app; sourceTree = BUILT_PRODUCTS_DIR; };
		93752C972B483CB900F673BB /* RepoHunterApp.swift */ = {isa = PBXFileReference; lastKnownFileType = sourcecode.swift; path = RepoHunterApp.swift; sourceTree = "<group>"; };
		93752C9B2B483CBA00F673BB /* Assets.xcassets */ = {isa = PBXFileReference; lastKnownFileType = folder.assetcatalog; path = Assets.xcassets; sourceTree = "<group>"; };
		93752C9E2B483CBA00F673BB /* Preview Assets.xcassets */ = {isa = PBXFileReference; lastKnownFileType = folder.assetcatalog; path = "Preview Assets.xcassets"; sourceTree = "<group>"; };
		93752CA62B49897100F673BB /* GitHubApi.swift */ = {isa = PBXFileReference; lastKnownFileType = sourcecode.swift; path = GitHubApi.swift; sourceTree = "<group>"; };
		93752CA92B498A0900F673BB /* RepositoryItem.swift */ = {isa = PBXFileReference; lastKnownFileType = sourcecode.swift; path = RepositoryItem.swift; sourceTree = "<group>"; };
		93752CAF2B4A211700F673BB /* RepositoryView.swift */ = {isa = PBXFileReference; lastKnownFileType = sourcecode.swift; path = RepositoryView.swift; sourceTree = "<group>"; };
		93752CB42B4AA91400F673BB /* RepositoryListViewModel.swift */ = {isa = PBXFileReference; lastKnownFileType = sourcecode.swift; path = RepositoryListViewModel.swift; sourceTree = "<group>"; };
		938556602B4E7E720026CCC0 /* AdvancedSearchOptionsView.swift */ = {isa = PBXFileReference; lastKnownFileType = sourcecode.swift; path = AdvancedSearchOptionsView.swift; sourceTree = "<group>"; };
		938556622B4EA47B0026CCC0 /* SearchResponse.swift */ = {isa = PBXFileReference; lastKnownFileType = sourcecode.swift; path = SearchResponse.swift; sourceTree = "<group>"; };
		938556642B4EA4960026CCC0 /* RepositoryOwner.swift */ = {isa = PBXFileReference; lastKnownFileType = sourcecode.swift; path = RepositoryOwner.swift; sourceTree = "<group>"; };
		938556662B4EB2FF0026CCC0 /* RepositoryRaw.swift */ = {isa = PBXFileReference; lastKnownFileType = sourcecode.swift; path = RepositoryRaw.swift; sourceTree = "<group>"; };
		939F08C92B4C14E20009B6D5 /* RepositoryDetailsView.swift */ = {isa = PBXFileReference; lastKnownFileType = sourcecode.swift; path = RepositoryDetailsView.swift; sourceTree = "<group>"; };
/* End PBXFileReference section */

/* Begin PBXFrameworksBuildPhase section */
		93752C912B483CB900F673BB /* Frameworks */ = {
			isa = PBXFrameworksBuildPhase;
			buildActionMask = 2147483647;
			files = (
			);
			runOnlyForDeploymentPostprocessing = 0;
		};
/* End PBXFrameworksBuildPhase section */

/* Begin PBXGroup section */
		934D1E452B4E05AA00139FD3 /* Components */ = {
			isa = PBXGroup;
			children = (
				934D1E462B4E05D500139FD3 /* SearchBarView.swift */,
				934D1E482B4E0DC700139FD3 /* RepositoryListView.swift */,
				938556602B4E7E720026CCC0 /* AdvancedSearchOptionsView.swift */,
			);
			path = Components;
			sourceTree = "<group>";
		};
		93752C8B2B483CB900F673BB = {
			isa = PBXGroup;
			children = (
				93752C962B483CB900F673BB /* RepoHunter */,
				93752C952B483CB900F673BB /* Products */,
			);
			sourceTree = "<group>";
		};
		93752C952B483CB900F673BB /* Products */ = {
			isa = PBXGroup;
			children = (
				93752C942B483CB900F673BB /* RepoHunter.app */,
			);
			name = Products;
			sourceTree = "<group>";
		};
		93752C962B483CB900F673BB /* RepoHunter */ = {
			isa = PBXGroup;
			children = (
				93752CB32B4AA8F900F673BB /* ViewModels */,
				93752CAE2B4A20DC00F673BB /* View */,
				93752CA82B4989F600F673BB /* Models */,
				93752CA52B49894900F673BB /* Service */,
				93752C972B483CB900F673BB /* RepoHunterApp.swift */,
				934D1E4A2B4E0E5000139FD3 /* ContentView.swift */,
				93752C9B2B483CBA00F673BB /* Assets.xcassets */,
				93752C9D2B483CBA00F673BB /* Preview Content */,
			);
			path = RepoHunter;
			sourceTree = "<group>";
		};
		93752C9D2B483CBA00F673BB /* Preview Content */ = {
			isa = PBXGroup;
			children = (
				93752C9E2B483CBA00F673BB /* Preview Assets.xcassets */,
			);
			path = "Preview Content";
			sourceTree = "<group>";
		};
		93752CA52B49894900F673BB /* Service */ = {
			isa = PBXGroup;
			children = (
				93752CA62B49897100F673BB /* GitHubApi.swift */,
			);
			path = Service;
			sourceTree = "<group>";
		};
		93752CA82B4989F600F673BB /* Models */ = {
			isa = PBXGroup;
			children = (
				93752CA92B498A0900F673BB /* RepositoryItem.swift */,
				934D1E432B4D7E3400139FD3 /* RequestParameters.swift */,
				938556622B4EA47B0026CCC0 /* SearchResponse.swift */,
				938556642B4EA4960026CCC0 /* RepositoryOwner.swift */,
				938556662B4EB2FF0026CCC0 /* RepositoryRaw.swift */,
			);
			path = Models;
			sourceTree = "<group>";
		};
		93752CAE2B4A20DC00F673BB /* View */ = {
			isa = PBXGroup;
			children = (
				934D1E452B4E05AA00139FD3 /* Components */,
				93752CAF2B4A211700F673BB /* RepositoryView.swift */,
				939F08C92B4C14E20009B6D5 /* RepositoryDetailsView.swift */,
			);
			path = View;
			sourceTree = "<group>";
		};
		93752CB32B4AA8F900F673BB /* ViewModels */ = {
			isa = PBXGroup;
			children = (
				93752CB42B4AA91400F673BB /* RepositoryListViewModel.swift */,
			);
			path = ViewModels;
			sourceTree = "<group>";
		};
/* End PBXGroup section */

/* Begin PBXNativeTarget section */
		93752C932B483CB900F673BB /* RepoHunter */ = {
			isa = PBXNativeTarget;
			buildConfigurationList = 93752CA22B483CBA00F673BB /* Build configuration list for PBXNativeTarget "RepoHunter" */;
			buildPhases = (
				93752C902B483CB900F673BB /* Sources */,
				93752C912B483CB900F673BB /* Frameworks */,
				93752C922B483CB900F673BB /* Resources */,
			);
			buildRules = (
			);
			dependencies = (
			);
			name = RepoHunter;
			productName = RepoHunter;
			productReference = 93752C942B483CB900F673BB /* RepoHunter.app */;
			productType = "com.apple.product-type.application";
		};
/* End PBXNativeTarget section */

/* Begin PBXProject section */
		93752C8C2B483CB900F673BB /* Project object */ = {
			isa = PBXProject;
			attributes = {
				BuildIndependentTargetsInParallel = 1;
				LastSwiftUpdateCheck = 1510;
				LastUpgradeCheck = 1510;
				TargetAttributes = {
					93752C932B483CB900F673BB = {
						CreatedOnToolsVersion = 15.1;
					};
				};
			};
			buildConfigurationList = 93752C8F2B483CB900F673BB /* Build configuration list for PBXProject "RepoHunter" */;
			compatibilityVersion = "Xcode 14.0";
			developmentRegion = en;
			hasScannedForEncodings = 0;
			knownRegions = (
				en,
				Base,
			);
			mainGroup = 93752C8B2B483CB900F673BB;
			productRefGroup = 93752C952B483CB900F673BB /* Products */;
			projectDirPath = "";
			projectRoot = "";
			targets = (
				93752C932B483CB900F673BB /* RepoHunter */,
			);
		};
/* End PBXProject section */

/* Begin PBXResourcesBuildPhase section */
		93752C922B483CB900F673BB /* Resources */ = {
			isa = PBXResourcesBuildPhase;
			buildActionMask = 2147483647;
			files = (
				93752C9F2B483CBA00F673BB /* Preview Assets.xcassets in Resources */,
				93752C9C2B483CBA00F673BB /* Assets.xcassets in Resources */,
			);
			runOnlyForDeploymentPostprocessing = 0;
		};
/* End PBXResourcesBuildPhase section */

/* Begin PBXSourcesBuildPhase section */
		93752C902B483CB900F673BB /* Sources */ = {
			isa = PBXSourcesBuildPhase;
			buildActionMask = 2147483647;
			files = (
				938556632B4EA47B0026CCC0 /* SearchResponse.swift in Sources */,
				934D1E472B4E05D500139FD3 /* SearchBarView.swift in Sources */,
				93752CB52B4AA91400F673BB /* RepositoryListViewModel.swift in Sources */,
				938556652B4EA4960026CCC0 /* RepositoryOwner.swift in Sources */,
				939F08CA2B4C14E20009B6D5 /* RepositoryDetailsView.swift in Sources */,
				93752CB02B4A211700F673BB /* RepositoryView.swift in Sources */,
				938556672B4EB2FF0026CCC0 /* RepositoryRaw.swift in Sources */,
				934D1E4B2B4E0E5000139FD3 /* ContentView.swift in Sources */,
				93752C982B483CB900F673BB /* RepoHunterApp.swift in Sources */,
				938556612B4E7E720026CCC0 /* AdvancedSearchOptionsView.swift in Sources */,
				934D1E492B4E0DC700139FD3 /* RepositoryListView.swift in Sources */,
				93752CA72B49897100F673BB /* GitHubApi.swift in Sources */,
				934D1E442B4D7E3400139FD3 /* RequestParameters.swift in Sources */,
				93752CAA2B498A0900F673BB /* RepositoryItem.swift in Sources */,
			);
			runOnlyForDeploymentPostprocessing = 0;
		};
/* End PBXSourcesBuildPhase section */

/* Begin XCBuildConfiguration section */
		93752CA02B483CBA00F673BB /* Debug */ = {
			isa = XCBuildConfiguration;
			buildSettings = {
				ALWAYS_SEARCH_USER_PATHS = NO;
				ASSETCATALOG_COMPILER_GENERATE_SWIFT_ASSET_SYMBOL_EXTENSIONS = YES;
				CLANG_ANALYZER_NONNULL = YES;
				CLANG_ANALYZER_NUMBER_OBJECT_CONVERSION = YES_AGGRESSIVE;
				CLANG_CXX_LANGUAGE_STANDARD = "gnu++20";
				CLANG_ENABLE_MODULES = YES;
				CLANG_ENABLE_OBJC_ARC = YES;
				CLANG_ENABLE_OBJC_WEAK = YES;
				CLANG_WARN_BLOCK_CAPTURE_AUTORELEASING = YES;
				CLANG_WARN_BOOL_CONVERSION = YES;
				CLANG_WARN_COMMA = YES;
				CLANG_WARN_CONSTANT_CONVERSION = YES;
				CLANG_WARN_DEPRECATED_OBJC_IMPLEMENTATIONS = YES;
				CLANG_WARN_DIRECT_OBJC_ISA_USAGE = YES_ERROR;
				CLANG_WARN_DOCUMENTATION_COMMENTS = YES;
				CLANG_WARN_EMPTY_BODY = YES;
				CLANG_WARN_ENUM_CONVERSION = YES;
				CLANG_WARN_INFINITE_RECURSION = YES;
				CLANG_WARN_INT_CONVERSION = YES;
				CLANG_WARN_NON_LITERAL_NULL_CONVERSION = YES;
				CLANG_WARN_OBJC_IMPLICIT_RETAIN_SELF = YES;
				CLANG_WARN_OBJC_LITERAL_CONVERSION = YES;
				CLANG_WARN_OBJC_ROOT_CLASS = YES_ERROR;
				CLANG_WARN_QUOTED_INCLUDE_IN_FRAMEWORK_HEADER = YES;
				CLANG_WARN_RANGE_LOOP_ANALYSIS = YES;
				CLANG_WARN_STRICT_PROTOTYPES = YES;
				CLANG_WARN_SUSPICIOUS_MOVE = YES;
				CLANG_WARN_UNGUARDED_AVAILABILITY = YES_AGGRESSIVE;
				CLANG_WARN_UNREACHABLE_CODE = YES;
				CLANG_WARN__DUPLICATE_METHOD_MATCH = YES;
				COPY_PHASE_STRIP = NO;
				DEBUG_INFORMATION_FORMAT = dwarf;
				ENABLE_STRICT_OBJC_MSGSEND = YES;
				ENABLE_TESTABILITY = YES;
				ENABLE_USER_SCRIPT_SANDBOXING = YES;
				GCC_C_LANGUAGE_STANDARD = gnu17;
				GCC_DYNAMIC_NO_PIC = NO;
				GCC_NO_COMMON_BLOCKS = YES;
				GCC_OPTIMIZATION_LEVEL = 0;
				GCC_PREPROCESSOR_DEFINITIONS = (
					"DEBUG=1",
					"$(inherited)",
				);
				GCC_WARN_64_TO_32_BIT_CONVERSION = YES;
				GCC_WARN_ABOUT_RETURN_TYPE = YES_ERROR;
				GCC_WARN_UNDECLARED_SELECTOR = YES;
				GCC_WARN_UNINITIALIZED_AUTOS = YES_AGGRESSIVE;
				GCC_WARN_UNUSED_FUNCTION = YES;
				GCC_WARN_UNUSED_VARIABLE = YES;
				IPHONEOS_DEPLOYMENT_TARGET = 17.2;
				LOCALIZATION_PREFERS_STRING_CATALOGS = YES;
				MTL_ENABLE_DEBUG_INFO = INCLUDE_SOURCE;
				MTL_FAST_MATH = YES;
				ONLY_ACTIVE_ARCH = YES;
				SDKROOT = iphoneos;
				SWIFT_ACTIVE_COMPILATION_CONDITIONS = "DEBUG $(inherited)";
				SWIFT_OPTIMIZATION_LEVEL = "-Onone";
			};
			name = Debug;
		};
		93752CA12B483CBA00F673BB /* Release */ = {
			isa = XCBuildConfiguration;
			buildSettings = {
				ALWAYS_SEARCH_USER_PATHS = NO;
				ASSETCATALOG_COMPILER_GENERATE_SWIFT_ASSET_SYMBOL_EXTENSIONS = YES;
				CLANG_ANALYZER_NONNULL = YES;
				CLANG_ANALYZER_NUMBER_OBJECT_CONVERSION = YES_AGGRESSIVE;
				CLANG_CXX_LANGUAGE_STANDARD = "gnu++20";
				CLANG_ENABLE_MODULES = YES;
				CLANG_ENABLE_OBJC_ARC = YES;
				CLANG_ENABLE_OBJC_WEAK = YES;
				CLANG_WARN_BLOCK_CAPTURE_AUTORELEASING = YES;
				CLANG_WARN_BOOL_CONVERSION = YES;
				CLANG_WARN_COMMA = YES;
				CLANG_WARN_CONSTANT_CONVERSION = YES;
				CLANG_WARN_DEPRECATED_OBJC_IMPLEMENTATIONS = YES;
				CLANG_WARN_DIRECT_OBJC_ISA_USAGE = YES_ERROR;
				CLANG_WARN_DOCUMENTATION_COMMENTS = YES;
				CLANG_WARN_EMPTY_BODY = YES;
				CLANG_WARN_ENUM_CONVERSION = YES;
				CLANG_WARN_INFINITE_RECURSION = YES;
				CLANG_WARN_INT_CONVERSION = YES;
				CLANG_WARN_NON_LITERAL_NULL_CONVERSION = YES;
				CLANG_WARN_OBJC_IMPLICIT_RETAIN_SELF = YES;
				CLANG_WARN_OBJC_LITERAL_CONVERSION = YES;
				CLANG_WARN_OBJC_ROOT_CLASS = YES_ERROR;
				CLANG_WARN_QUOTED_INCLUDE_IN_FRAMEWORK_HEADER = YES;
				CLANG_WARN_RANGE_LOOP_ANALYSIS = YES;
				CLANG_WARN_STRICT_PROTOTYPES = YES;
				CLANG_WARN_SUSPICIOUS_MOVE = YES;
				CLANG_WARN_UNGUARDED_AVAILABILITY = YES_AGGRESSIVE;
				CLANG_WARN_UNREACHABLE_CODE = YES;
				CLANG_WARN__DUPLICATE_METHOD_MATCH = YES;
				COPY_PHASE_STRIP = NO;
				DEBUG_INFORMATION_FORMAT = "dwarf-with-dsym";
				ENABLE_NS_ASSERTIONS = NO;
				ENABLE_STRICT_OBJC_MSGSEND = YES;
				ENABLE_USER_SCRIPT_SANDBOXING = YES;
				GCC_C_LANGUAGE_STANDARD = gnu17;
				GCC_NO_COMMON_BLOCKS = YES;
				GCC_WARN_64_TO_32_BIT_CONVERSION = YES;
				GCC_WARN_ABOUT_RETURN_TYPE = YES_ERROR;
				GCC_WARN_UNDECLARED_SELECTOR = YES;
				GCC_WARN_UNINITIALIZED_AUTOS = YES_AGGRESSIVE;
				GCC_WARN_UNUSED_FUNCTION = YES;
				GCC_WARN_UNUSED_VARIABLE = YES;
				IPHONEOS_DEPLOYMENT_TARGET = 17.2;
				LOCALIZATION_PREFERS_STRING_CATALOGS = YES;
				MTL_ENABLE_DEBUG_INFO = NO;
				MTL_FAST_MATH = YES;
				SDKROOT = iphoneos;
				SWIFT_COMPILATION_MODE = wholemodule;
				VALIDATE_PRODUCT = YES;
			};
			name = Release;
		};
		93752CA32B483CBA00F673BB /* Debug */ = {
			isa = XCBuildConfiguration;
			buildSettings = {
				ASSETCATALOG_COMPILER_APPICON_NAME = AppIcon;
				ASSETCATALOG_COMPILER_GLOBAL_ACCENT_COLOR_NAME = AccentColor;
				CODE_SIGN_STYLE = Automatic;
				CURRENT_PROJECT_VERSION = 1;
				DEVELOPMENT_ASSET_PATHS = "\"RepoHunter/Preview Content\"";
				DEVELOPMENT_TEAM = 87SV9B3D29;
				ENABLE_PREVIEWS = YES;
				GENERATE_INFOPLIST_FILE = YES;
				INFOPLIST_KEY_UIApplicationSceneManifest_Generation = YES;
				INFOPLIST_KEY_UIApplicationSupportsIndirectInputEvents = YES;
				INFOPLIST_KEY_UILaunchScreen_Generation = YES;
				INFOPLIST_KEY_UISupportedInterfaceOrientations_iPad = "UIInterfaceOrientationPortrait UIInterfaceOrientationPortraitUpsideDown UIInterfaceOrientationLandscapeLeft UIInterfaceOrientationLandscapeRight";
				INFOPLIST_KEY_UISupportedInterfaceOrientations_iPhone = "UIInterfaceOrientationPortrait UIInterfaceOrientationLandscapeLeft UIInterfaceOrientationLandscapeRight";
				LD_RUNPATH_SEARCH_PATHS = (
					"$(inherited)",
					"@executable_path/Frameworks",
				);
				MARKETING_VERSION = 1.0;
				PRODUCT_BUNDLE_IDENTIFIER = com.gexco.RepoHunter;
				PRODUCT_NAME = "$(TARGET_NAME)";
				SWIFT_EMIT_LOC_STRINGS = YES;
				SWIFT_VERSION = 5.0;
				TARGETED_DEVICE_FAMILY = "1,2";
			};
			name = Debug;
		};
		93752CA42B483CBA00F673BB /* Release */ = {
			isa = XCBuildConfiguration;
			buildSettings = {
				ASSETCATALOG_COMPILER_APPICON_NAME = AppIcon;
				ASSETCATALOG_COMPILER_GLOBAL_ACCENT_COLOR_NAME = AccentColor;
				CODE_SIGN_STYLE = Automatic;
				CURRENT_PROJECT_VERSION = 1;
				DEVELOPMENT_ASSET_PATHS = "\"RepoHunter/Preview Content\"";
				DEVELOPMENT_TEAM = 87SV9B3D29;
				ENABLE_PREVIEWS = YES;
				GENERATE_INFOPLIST_FILE = YES;
				INFOPLIST_KEY_UIApplicationSceneManifest_Generation = YES;
				INFOPLIST_KEY_UIApplicationSupportsIndirectInputEvents = YES;
				INFOPLIST_KEY_UILaunchScreen_Generation = YES;
				INFOPLIST_KEY_UISupportedInterfaceOrientations_iPad = "UIInterfaceOrientationPortrait UIInterfaceOrientationPortraitUpsideDown UIInterfaceOrientationLandscapeLeft UIInterfaceOrientationLandscapeRight";
				INFOPLIST_KEY_UISupportedInterfaceOrientations_iPhone = "UIInterfaceOrientationPortrait UIInterfaceOrientationLandscapeLeft UIInterfaceOrientationLandscapeRight";
				LD_RUNPATH_SEARCH_PATHS = (
					"$(inherited)",
					"@executable_path/Frameworks",
				);
				MARKETING_VERSION = 1.0;
				PRODUCT_BUNDLE_IDENTIFIER = com.gexco.RepoHunter;
				PRODUCT_NAME = "$(TARGET_NAME)";
				SWIFT_EMIT_LOC_STRINGS = YES;
				SWIFT_VERSION = 5.0;
				TARGETED_DEVICE_FAMILY = "1,2";
			};
			name = Release;
		};
/* End XCBuildConfiguration section */

/* Begin XCConfigurationList section */
		93752C8F2B483CB900F673BB /* Build configuration list for PBXProject "RepoHunter" */ = {
			isa = XCConfigurationList;
			buildConfigurations = (
				93752CA02B483CBA00F673BB /* Debug */,
				93752CA12B483CBA00F673BB /* Release */,
			);
			defaultConfigurationIsVisible = 0;
			defaultConfigurationName = Release;
		};
		93752CA22B483CBA00F673BB /* Build configuration list for PBXNativeTarget "RepoHunter" */ = {
			isa = XCConfigurationList;
			buildConfigurations = (
				93752CA32B483CBA00F673BB /* Debug */,
				93752CA42B483CBA00F673BB /* Release */,
			);
			defaultConfigurationIsVisible = 0;
			defaultConfigurationName = Release;
		};
/* End XCConfigurationList section */
	};
	rootObject = 93752C8C2B483CB900F673BB /* Project object */;
}
